
Microsoft Visual Studio Solution File, Format Version 12.00
# Visual Studio Version 16
VisualStudioVersion = 16.0.30517.126
MinimumVisualStudioVersion = 10.0.40219.1
Project("{FAE04EC0-301F-11D3-BF4B-00C04F79EFBC}") = "ConsoleApp1", "ConsoleApp1\ConsoleApp1.csproj", "{0458C2D4-A76F-48E4-AF65-DC38ED52E416}"
EndProject
Project("{FAE04EC0-301F-11D3-BF4B-00C04F79EFBC}") = "HW2-1", "HW2-1\HW2-1.csproj", "{439574D4-244F-45DD-9A13-3C479FA715EE}"
EndProject
Project("{FAE04EC0-301F-11D3-BF4B-00C04F79EFBC}") = "HW2-2", "HW2-2\HW2-2.csproj", "{4A2887AA-2D90-4C49-99F5-E03B3246879E}"
EndProject
Project("{FAE04EC0-301F-11D3-BF4B-00C04F79EFBC}") = "HW2-3", "HW2-3\HW2-3.csproj", "{A7EC97E9-6991-4269-96B5-50BB818002A8}"
EndProject
Project("{FAE04EC0-301F-11D3-BF4B-00C04F79EFBC}") = "HW2-4", "HW2-4\HW2-4.csproj", "{89A9BDFC-3C63-4713-87CD-A92ECA023D0F}"
EndProject
Project("{FAE04EC0-301F-11D3-BF4B-00C04F79EFBC}") = "HW3-1", "HW3-1\HW3-1.csproj", "{195CF3B9-8881-4978-A799-DEA4C50239EF}"
EndProject
Project("{FAE04EC0-301F-11D3-BF4B-00C04F79EFBC}") = "HW3-2", "HW3-2\HW3-2.csproj", "{A44C2A09-F338-46AB-AECF-3ED1FBC35BD8}"
EndProject
Project("{FAE04EC0-301F-11D3-BF4B-00C04F79EFBC}") = "HW3-3", "HW3-3\HW3-3.csproj", "{83D25D73-4D32-455E-9B1F-BF4E73DAF4E5}"
EndProject
Project("{FAE04EC0-301F-11D3-BF4B-00C04F79EFBC}") = "HW3-4", "HW3-4\HW3-4.csproj", "{E8E37BC7-819B-4A34-AB0A-28FD9DAAECE2}"
EndProject
Global
	GlobalSection(SolutionConfigurationPlatforms) = preSolution
		Debug|Any CPU = Debug|Any CPU
		Release|Any CPU = Release|Any CPU
	EndGlobalSection
	GlobalSection(ProjectConfigurationPlatforms) = postSolution
		{0458C2D4-A76F-48E4-AF65-DC38ED52E416}.Debug|Any CPU.ActiveCfg = Debug|Any CPU
		{0458C2D4-A76F-48E4-AF65-DC38ED52E416}.Debug|Any CPU.Build.0 = Debug|Any CPU
		{0458C2D4-A76F-48E4-AF65-DC38ED52E416}.Release|Any CPU.ActiveCfg = Release|Any CPU
		{0458C2D4-A76F-48E4-AF65-DC38ED52E416}.Release|Any CPU.Build.0 = Release|Any CPU
		{439574D4-244F-45DD-9A13-3C479FA715EE}.Debug|Any CPU.ActiveCfg = Debug|Any CPU
		{439574D4-244F-45DD-9A13-3C479FA715EE}.Debug|Any CPU.Build.0 = Debug|Any CPU
		{439574D4-244F-45DD-9A13-3C479FA715EE}.Release|Any CPU.ActiveCfg = Release|Any CPU
		{439574D4-244F-45DD-9A13-3C479FA715EE}.Release|Any CPU.Build.0 = Release|Any CPU
		{4A2887AA-2D90-4C49-99F5-E03B3246879E}.Debug|Any CPU.ActiveCfg = Debug|Any CPU
		{4A2887AA-2D90-4C49-99F5-E03B3246879E}.Debug|Any CPU.Build.0 = Debug|Any CPU
		{4A2887AA-2D90-4C49-99F5-E03B3246879E}.Release|Any CPU.ActiveCfg = Release|Any CPU
		{4A2887AA-2D90-4C49-99F5-E03B3246879E}.Release|Any CPU.Build.0 = Release|Any CPU
		{A7EC97E9-6991-4269-96B5-50BB818002A8}.Debug|Any CPU.ActiveCfg = Debug|Any CPU
		{A7EC97E9-6991-4269-96B5-50BB818002A8}.Debug|Any CPU.Build.0 = Debug|Any CPU
		{A7EC97E9-6991-4269-96B5-50BB818002A8}.Release|Any CPU.ActiveCfg = Release|Any CPU
		{A7EC97E9-6991-4269-96B5-50BB818002A8}.Release|Any CPU.Build.0 = Release|Any CPU
		{89A9BDFC-3C63-4713-87CD-A92ECA023D0F}.Debug|Any CPU.ActiveCfg = Debug|Any CPU
		{89A9BDFC-3C63-4713-87CD-A92ECA023D0F}.Debug|Any CPU.Build.0 = Debug|Any CPU
		{89A9BDFC-3C63-4713-87CD-A92ECA023D0F}.Release|Any CPU.ActiveCfg = Release|Any CPU
		{89A9BDFC-3C63-4713-87CD-A92ECA023D0F}.Release|Any CPU.Build.0 = Release|Any CPU
		{195CF3B9-8881-4978-A799-DEA4C50239EF}.Debug|Any CPU.ActiveCfg = Debug|Any CPU
		{195CF3B9-8881-4978-A799-DEA4C50239EF}.Debug|Any CPU.Build.0 = Debug|Any CPU
		{195CF3B9-8881-4978-A799-DEA4C50239EF}.Release|Any CPU.ActiveCfg = Release|Any CPU
		{195CF3B9-8881-4978-A799-DEA4C50239EF}.Release|Any CPU.Build.0 = Release|Any CPU
		{A44C2A09-F338-46AB-AECF-3ED1FBC35BD8}.Debug|Any CPU.ActiveCfg = Debug|Any CPU
		{A44C2A09-F338-46AB-AECF-3ED1FBC35BD8}.Debug|Any CPU.Build.0 = Debug|Any CPU
		{A44C2A09-F338-46AB-AECF-3ED1FBC35BD8}.Release|Any CPU.ActiveCfg = Release|Any CPU
		{A44C2A09-F338-46AB-AECF-3ED1FBC35BD8}.Release|Any CPU.Build.0 = Release|Any CPU
		{83D25D73-4D32-455E-9B1F-BF4E73DAF4E5}.Debug|Any CPU.ActiveCfg = Debug|Any CPU
		{83D25D73-4D32-455E-9B1F-BF4E73DAF4E5}.Debug|Any CPU.Build.0 = Debug|Any CPU
		{83D25D73-4D32-455E-9B1F-BF4E73DAF4E5}.Release|Any CPU.ActiveCfg = Release|Any CPU
		{83D25D73-4D32-455E-9B1F-BF4E73DAF4E5}.Release|Any CPU.Build.0 = Release|Any CPU
		{E8E37BC7-819B-4A34-AB0A-28FD9DAAECE2}.Debug|Any CPU.ActiveCfg = Debug|Any CPU
		{E8E37BC7-819B-4A34-AB0A-28FD9DAAECE2}.Debug|Any CPU.Build.0 = Debug|Any CPU
		{E8E37BC7-819B-4A34-AB0A-28FD9DAAECE2}.Release|Any CPU.ActiveCfg = Release|Any CPU
		{E8E37BC7-819B-4A34-AB0A-28FD9DAAECE2}.Release|Any CPU.Build.0 = Release|Any CPU
	EndGlobalSection
	GlobalSection(SolutionProperties) = preSolution
		HideSolutionNode = FALSE
	EndGlobalSection
	GlobalSection(ExtensibilityGlobals) = postSolution
		SolutionGuid = {A9AEC9D0-E534-4108-AAD6-892C67294DCE}
	EndGlobalSection
EndGlobal
